
Microsoft Visual Studio Solution File, Format Version 12.00
# Visual Studio Version 17
VisualStudioVersion = 17.10.35013.160
MinimumVisualStudioVersion = 10.0.40219.1
Project("{FAE04EC0-301F-11D3-BF4B-00C04F79EFBC}") = "URLTool", "URLTool.csproj", "{93361442-DA71-4862-AA7F-73B468828969}"
EndProject
Global
	GlobalSection(SolutionConfigurationPlatforms) = preSolution
		Debug|Any CPU = Debug|Any CPU
		Release|Any CPU = Release|Any CPU
	EndGlobalSection
	GlobalSection(ProjectConfigurationPlatforms) = postSolution
		{93361442-DA71-4862-AA7F-73B468828969}.Debug|Any CPU.ActiveCfg = Debug|Any CPU
		{93361442-DA71-4862-AA7F-73B468828969}.Debug|Any CPU.Build.0 = Debug|Any CPU
		{93361442-DA71-4862-AA7F-73B468828969}.Release|Any CPU.ActiveCfg = Release|Any CPU
		{93361442-DA71-4862-AA7F-73B468828969}.Release|Any CPU.Build.0 = Release|Any CPU
	EndGlobalSection
	GlobalSection(SolutionProperties) = preSolution
		HideSolutionNode = FALSE
	EndGlobalSection
	GlobalSection(ExtensibilityGlobals) = postSolution
		SolutionGuid = {B0AA7B94-6555-456E-B49E-9FF93C3810FE}
	EndGlobalSection
EndGlobal
